PODS:
  - ImageSlideshow (1.6.1):
    - ImageSlideshow/Core (= 1.6.1)
  - ImageSlideshow/Core (1.6.1)
  - SDWebImage (4.4.2):
    - SDWebImage/Core (= 4.4.2)
  - SDWebImage/Core (4.4.2)
  - SlideMenuControllerSwift (4.0.0)
  - SQLite.swift (0.11.5):
    - SQLite.swift/standard (= 0.11.5)
  - SQLite.swift/standard (0.11.5)

DEPENDENCIES:
  - ImageSlideshow (~> 1.6)
  - SDWebImage (~> 4.0)
  - SlideMenuControllerSwift
  - SQLite.swift (~> 0.11.5)

SPEC REPOS:
  https://github.com/cocoapods/specs.git:
    - ImageSlideshow
    - SDWebImage
    - SlideMenuControllerSwift
    - SQLite.swift

SPEC CHECKSUMS:
  ImageSlideshow: f0f33e1a20668e83d77f5fb7729e4ae4437c0759
  SDWebImage: 624d6e296c69b244bcede364c72ae0430ac14681
  SlideMenuControllerSwift: 021d6318201c53d4d4d3710517d43d6c556c7dd0
  SQLite.swift: 6e5356850bb1791459f8c16d6ee9195b28714a2e

PODFILE CHECKSUM: 4b4fe8bcd0f6a20f45fcd55f74b9f83d53acb9e1

COCOAPODS: 1.5.3
